
Microsoft Visual Studio Solution File, Format Version 12.00
# Visual Studio Version 16
VisualStudioVersion = 16.0.29609.76
MinimumVisualStudioVersion = 10.0.40219.1
Project("{8BC9CEB8-8B4A-11D0-8D11-00A0C91BC942}") = "opencv_basic_code_console", "opencv_basic_code_console\opencv_basic_code_console.vcxproj", "{8851ECF5-53FA-4EE6-8270-0A657D8C5CCE}"
EndProject
Global
	GlobalSection(SolutionConfigurationPlatforms) = preSolution
		Debug|x64 = Debug|x64
		Debug|x86 = Debug|x86
		Release|x64 = Release|x64
		Release|x86 = Release|x86
	EndGlobalSection
	GlobalSection(ProjectConfigurationPlatforms) = postSolution
		{8851ECF5-53FA-4EE6-8270-0A657D8C5CCE}.Debug|x64.ActiveCfg = Debug|x64
		{8851ECF5-53FA-4EE6-8270-0A657D8C5CCE}.Debug|x64.Build.0 = Debug|x64
		{8851ECF5-53FA-4EE6-8270-0A657D8C5CCE}.Debug|x86.ActiveCfg = Debug|Win32
		{8851ECF5-53FA-4EE6-8270-0A657D8C5CCE}.Debug|x86.Build.0 = Debug|Win32
		{8851ECF5-53FA-4EE6-8270-0A657D8C5CCE}.Release|x64.ActiveCfg = Release|x64
		{8851ECF5-53FA-4EE6-8270-0A657D8C5CCE}.Release|x64.Build.0 = Release|x64
		{8851ECF5-53FA-4EE6-8270-0A657D8C5CCE}.Release|x86.ActiveCfg = Release|Win32
		{8851ECF5-53FA-4EE6-8270-0A657D8C5CCE}.Release|x86.Build.0 = Release|Win32
	EndGlobalSection
	GlobalSection(SolutionProperties) = preSolution
		HideSolutionNode = FALSE
	EndGlobalSection
	GlobalSection(ExtensibilityGlobals) = postSolution
		SolutionGuid = {C76AC667-21F2-4FC4-A1D2-9D5506486D72}
	EndGlobalSection
EndGlobal
